
Microsoft Visual Studio Solution File, Format Version 12.00
# Visual Studio Version 17
VisualStudioVersion = 17.3.32922.545
MinimumVisualStudioVersion = 10.0.40219.1
Project("{FAE04EC0-301F-11D3-BF4B-00C04F79EFBC}") = "EPharmacy.Entities", "EPharmacy.Entities\EPharmacy.Entities.csproj", "{6D7889BE-A996-457D-8926-6D9A8D42D2F9}"
EndProject
Project("{FAE04EC0-301F-11D3-BF4B-00C04F79EFBC}") = "EPharmacy.Core", "EPharmacy.Core\EPharmacy.Core.csproj", "{83B5CEC2-91BF-4D50-9D39-BEE27AA3219C}"
EndProject
Project("{FAE04EC0-301F-11D3-BF4B-00C04F79EFBC}") = "EPharmacy.Business", "EPharmacy.Business\EPharmacy.Business.csproj", "{0A5134B1-EC2A-44FA-84B2-1FA55F0D466A}"
EndProject
Project("{FAE04EC0-301F-11D3-BF4B-00C04F79EFBC}") = "EPharmacy.DataAccess", "EPharmacy.DataAccess\EPharmacy.DataAccess.csproj", "{934BAC10-AE7E-4797-AF32-33E9A5D19CFA}"
EndProject
Project("{FAE04EC0-301F-11D3-BF4B-00C04F79EFBC}") = "EPharmacy.WebUI", "EPharmacy.WebUI\EPharmacy.WebUI.csproj", "{C55F4013-FAB6-48F2-9E6A-CD58E0C7237F}"
EndProject
Global
	GlobalSection(SolutionConfigurationPlatforms) = preSolution
		Debug|Any CPU = Debug|Any CPU
		Release|Any CPU = Release|Any CPU
	EndGlobalSection
	GlobalSection(ProjectConfigurationPlatforms) = postSolution
		{6D7889BE-A996-457D-8926-6D9A8D42D2F9}.Debug|Any CPU.ActiveCfg = Debug|Any CPU
		{6D7889BE-A996-457D-8926-6D9A8D42D2F9}.Debug|Any CPU.Build.0 = Debug|Any CPU
		{6D7889BE-A996-457D-8926-6D9A8D42D2F9}.Release|Any CPU.ActiveCfg = Release|Any CPU
		{6D7889BE-A996-457D-8926-6D9A8D42D2F9}.Release|Any CPU.Build.0 = Release|Any CPU
		{83B5CEC2-91BF-4D50-9D39-BEE27AA3219C}.Debug|Any CPU.ActiveCfg = Debug|Any CPU
		{83B5CEC2-91BF-4D50-9D39-BEE27AA3219C}.Debug|Any CPU.Build.0 = Debug|Any CPU
		{83B5CEC2-91BF-4D50-9D39-BEE27AA3219C}.Release|Any CPU.ActiveCfg = Release|Any CPU
		{83B5CEC2-91BF-4D50-9D39-BEE27AA3219C}.Release|Any CPU.Build.0 = Release|Any CPU
		{0A5134B1-EC2A-44FA-84B2-1FA55F0D466A}.Debug|Any CPU.ActiveCfg = Debug|Any CPU
		{0A5134B1-EC2A-44FA-84B2-1FA55F0D466A}.Debug|Any CPU.Build.0 = Debug|Any CPU
		{0A5134B1-EC2A-44FA-84B2-1FA55F0D466A}.Release|Any CPU.ActiveCfg = Release|Any CPU
		{0A5134B1-EC2A-44FA-84B2-1FA55F0D466A}.Release|Any CPU.Build.0 = Release|Any CPU
		{934BAC10-AE7E-4797-AF32-33E9A5D19CFA}.Debug|Any CPU.ActiveCfg = Debug|Any CPU
		{934BAC10-AE7E-4797-AF32-33E9A5D19CFA}.Debug|Any CPU.Build.0 = Debug|Any CPU
		{934BAC10-AE7E-4797-AF32-33E9A5D19CFA}.Release|Any CPU.ActiveCfg = Release|Any CPU
		{934BAC10-AE7E-4797-AF32-33E9A5D19CFA}.Release|Any CPU.Build.0 = Release|Any CPU
		{C55F4013-FAB6-48F2-9E6A-CD58E0C7237F}.Debug|Any CPU.ActiveCfg = Debug|Any CPU
		{C55F4013-FAB6-48F2-9E6A-CD58E0C7237F}.Debug|Any CPU.Build.0 = Debug|Any CPU
		{C55F4013-FAB6-48F2-9E6A-CD58E0C7237F}.Release|Any CPU.ActiveCfg = Release|Any CPU
		{C55F4013-FAB6-48F2-9E6A-CD58E0C7237F}.Release|Any CPU.Build.0 = Release|Any CPU
	EndGlobalSection
	GlobalSection(SolutionProperties) = preSolution
		HideSolutionNode = FALSE
	EndGlobalSection
	GlobalSection(ExtensibilityGlobals) = postSolution
		SolutionGuid = {E5365409-6A43-4D0E-9EBF-70F4598FB1B5}
	EndGlobalSection
EndGlobal
